{
  "requires": true,
  "lockfileVersion": 1,
  "dependencies": {
    "data-uri-to-buffer": {
      "version": "3.0.1",
      "resolved": "https://registry.npmjs.org/data-uri-to-buffer/-/data-uri-to-buffer-3.0.1.tgz",
      "integrity": "sha512-WboRycPNsVw3B3TL559F7kuBUM4d8CgMEvk6xEJlOp7OBPjt6G7z8WMWlD2rOFZLk6OYfFIUGsCOWzcQH9K2og=="
    },
    "dotenv": {
      "version": "8.2.0",
      "resolved": "https://registry.npmjs.org/dotenv/-/dotenv-8.2.0.tgz",
      "integrity": "sha512-8sJ78ElpbDJBHNeBzUbUVLsqKdccaa/BXF1uPTw3GrvQTBgrQrtObr2mUrE38vzYd8cEv+m/JBfDLioYcfXoaw=="
    },
    "fetch-blob": {
      "version": "2.0.1",
      "resolved": "https://registry.npmjs.org/fetch-blob/-/fetch-blob-2.0.1.tgz",
      "integrity": "sha512-1jFpa68M4EzObtFa7XOKZoN1unsaeJ6hGSbxaWaVO+TkHmVvnyzRu1ktZAFbUvTZ9NC/qMKGKJ79dK4MzuSBiw=="
    },
    "node-fetch": {
      "version": "3.0.0-beta.7",
      "resolved": "https://registry.npmjs.org/node-fetch/-/node-fetch-3.0.0-beta.7.tgz",
      "integrity": "sha512-UTmmxR2RCLiGL0q61p8DgMgw1UXd10+XVB77IHG55flJ/tHqQQXloNTm5dd/mB3RNXP3+CJPf++t0nb3whKNkw==",
      "requires": {
        "data-uri-to-buffer": "^3.0.1",
        "fetch-blob": "^2.0.0"
      }
    }
  }
}
